
Microsoft Visual Studio Solution File, Format Version 12.00
# Visual Studio Version 17
VisualStudioVersion = 17.6.33829.357
MinimumVisualStudioVersion = 10.0.40219.1
Project("{FAE04EC0-301F-11D3-BF4B-00C04F79EFBC}") = "Rakesh", "Rakesh\Rakesh.csproj", "{F65FF1C3-5858-4A5A-879E-25C263EF4078}"
EndProject
Global
	GlobalSection(SolutionConfigurationPlatforms) = preSolution
		Debug|Any CPU = Debug|Any CPU
		Release|Any CPU = Release|Any CPU
	EndGlobalSection
	GlobalSection(ProjectConfigurationPlatforms) = postSolution
		{F65FF1C3-5858-4A5A-879E-25C263EF4078}.Debug|Any CPU.ActiveCfg = Debug|Any CPU
		{F65FF1C3-5858-4A5A-879E-25C263EF4078}.Debug|Any CPU.Build.0 = Debug|Any CPU
		{F65FF1C3-5858-4A5A-879E-25C263EF4078}.Release|Any CPU.ActiveCfg = Release|Any CPU
		{F65FF1C3-5858-4A5A-879E-25C263EF4078}.Release|Any CPU.Build.0 = Release|Any CPU
	EndGlobalSection
	GlobalSection(SolutionProperties) = preSolution
		HideSolutionNode = FALSE
	EndGlobalSection
	GlobalSection(ExtensibilityGlobals) = postSolution
		SolutionGuid = {62543311-1A16-4B9F-8AB4-B076C395BBAB}
	EndGlobalSection
EndGlobal
